
Microsoft Visual Studio Solution File, Format Version 12.00
# Visual Studio Version 17
VisualStudioVersion = 17.4.33205.214
MinimumVisualStudioVersion = 10.0.40219.1
Project("{9A19103F-16F7-4668-BE54-9A1E7A4F7556}") = "CRM.Sendouts.Api", "CRM.Sendouts.Api\CRM.Sendouts.Api.csproj", "{5AEDB913-31B2-489A-9BBA-8B7F5E79814A}"
EndProject
Project("{9A19103F-16F7-4668-BE54-9A1E7A4F7556}") = "CRM.Sendouts.Domain", "CRM.Sendouts.Domain\CRM.Sendouts.Domain.csproj", "{C5A8A349-81A7-480C-8B89-655F0CF7AB56}"
EndProject
Project("{9A19103F-16F7-4668-BE54-9A1E7A4F7556}") = "CRM.Sendouts.Projections", "CRM.Sendouts.Projections\CRM.Sendouts.Projections.csproj", "{BC20C0CE-8EFF-47F3-A882-3FD722142BD6}"
EndProject
Project("{9A19103F-16F7-4668-BE54-9A1E7A4F7556}") = "CRM.Sendouts.Infrastructure", "CRM.Sendouts.Infrastructure\CRM.Sendouts.Infrastructure.csproj", "{F185E52A-AE65-4D40-A394-57A26B308F17}"
EndProject
Project("{FAE04EC0-301F-11D3-BF4B-00C04F79EFBC}") = "CRM.Framework", "CRM.Framework\CRM.Framework.csproj", "{79928754-4D27-4612-A738-466498C8A736}"
EndProject
Project("{2150E333-8FDC-42A3-9474-1A3956D46DE8}") = "Sendouts", "Sendouts", "{9ED29465-A227-42D5-9153-FC5C0C5C112E}"
EndProject
Project("{2150E333-8FDC-42A3-9474-1A3956D46DE8}") = "Deals", "Deals", "{D2AA3778-5182-491C-8DCC-8791420C4B1B}"
EndProject
Project("{FAE04EC0-301F-11D3-BF4B-00C04F79EFBC}") = "CRM.Deals.Domain", "CRM.Deals.Domain\CRM.Deals.Domain.csproj", "{53125A71-62A5-40E9-BF23-C3D3FEF210AD}"
EndProject
Project("{FAE04EC0-301F-11D3-BF4B-00C04F79EFBC}") = "CRM.Deals.Api", "CRM.Deals.Api\CRM.Deals.Api.csproj", "{F7525E3C-25D8-4FF2-937A-ECD8313AF61E}"
EndProject
Project("{FAE04EC0-301F-11D3-BF4B-00C04F79EFBC}") = "CRM.Deals.Infrastructure", "CRM.Deals.Infrastructure\CRM.Deals.Infrastructure.csproj", "{4E818CF3-DA74-4B09-B3AE-3292AD2F434C}"
EndProject
Project("{FAE04EC0-301F-11D3-BF4B-00C04F79EFBC}") = "CRM.Deals.Projections", "CRM.Deals.Projections\CRM.Deals.Projections.csproj", "{BDE7A049-D1E5-47BE-95AE-F3CED7C4C541}"
EndProject
Project("{2150E333-8FDC-42A3-9474-1A3956D46DE8}") = "src", "src", "{FFD6B763-1C5B-4441-AFDF-04D9EF26421B}"
EndProject
Project("{2150E333-8FDC-42A3-9474-1A3956D46DE8}") = "test", "test", "{CC99A855-3EE5-4E54-9D25-7E010EAF70BA}"
EndProject
Global
	GlobalSection(SolutionConfigurationPlatforms) = preSolution
		Debug|Any CPU = Debug|Any CPU
		Release|Any CPU = Release|Any CPU
	EndGlobalSection
	GlobalSection(ProjectConfigurationPlatforms) = postSolution
		{5AEDB913-31B2-489A-9BBA-8B7F5E79814A}.Debug|Any CPU.ActiveCfg = Debug|Any CPU
		{5AEDB913-31B2-489A-9BBA-8B7F5E79814A}.Debug|Any CPU.Build.0 = Debug|Any CPU
		{5AEDB913-31B2-489A-9BBA-8B7F5E79814A}.Release|Any CPU.ActiveCfg = Release|Any CPU
		{5AEDB913-31B2-489A-9BBA-8B7F5E79814A}.Release|Any CPU.Build.0 = Release|Any CPU
		{C5A8A349-81A7-480C-8B89-655F0CF7AB56}.Debug|Any CPU.ActiveCfg = Debug|Any CPU
		{C5A8A349-81A7-480C-8B89-655F0CF7AB56}.Debug|Any CPU.Build.0 = Debug|Any CPU
		{C5A8A349-81A7-480C-8B89-655F0CF7AB56}.Release|Any CPU.ActiveCfg = Release|Any CPU
		{C5A8A349-81A7-480C-8B89-655F0CF7AB56}.Release|Any CPU.Build.0 = Release|Any CPU
		{BC20C0CE-8EFF-47F3-A882-3FD722142BD6}.Debug|Any CPU.ActiveCfg = Debug|Any CPU
		{BC20C0CE-8EFF-47F3-A882-3FD722142BD6}.Debug|Any CPU.Build.0 = Debug|Any CPU
		{BC20C0CE-8EFF-47F3-A882-3FD722142BD6}.Release|Any CPU.ActiveCfg = Release|Any CPU
		{BC20C0CE-8EFF-47F3-A882-3FD722142BD6}.Release|Any CPU.Build.0 = Release|Any CPU
		{F185E52A-AE65-4D40-A394-57A26B308F17}.Debug|Any CPU.ActiveCfg = Debug|Any CPU
		{F185E52A-AE65-4D40-A394-57A26B308F17}.Debug|Any CPU.Build.0 = Debug|Any CPU
		{F185E52A-AE65-4D40-A394-57A26B308F17}.Release|Any CPU.ActiveCfg = Release|Any CPU
		{F185E52A-AE65-4D40-A394-57A26B308F17}.Release|Any CPU.Build.0 = Release|Any CPU
		{79928754-4D27-4612-A738-466498C8A736}.Debug|Any CPU.ActiveCfg = Debug|Any CPU
		{79928754-4D27-4612-A738-466498C8A736}.Debug|Any CPU.Build.0 = Debug|Any CPU
		{79928754-4D27-4612-A738-466498C8A736}.Release|Any CPU.ActiveCfg = Release|Any CPU
		{79928754-4D27-4612-A738-466498C8A736}.Release|Any CPU.Build.0 = Release|Any CPU
		{53125A71-62A5-40E9-BF23-C3D3FEF210AD}.Debug|Any CPU.ActiveCfg = Debug|Any CPU
		{53125A71-62A5-40E9-BF23-C3D3FEF210AD}.Debug|Any CPU.Build.0 = Debug|Any CPU
		{53125A71-62A5-40E9-BF23-C3D3FEF210AD}.Release|Any CPU.ActiveCfg = Release|Any CPU
		{53125A71-62A5-40E9-BF23-C3D3FEF210AD}.Release|Any CPU.Build.0 = Release|Any CPU
		{F7525E3C-25D8-4FF2-937A-ECD8313AF61E}.Debug|Any CPU.ActiveCfg = Debug|Any CPU
		{F7525E3C-25D8-4FF2-937A-ECD8313AF61E}.Debug|Any CPU.Build.0 = Debug|Any CPU
		{F7525E3C-25D8-4FF2-937A-ECD8313AF61E}.Release|Any CPU.ActiveCfg = Release|Any CPU
		{F7525E3C-25D8-4FF2-937A-ECD8313AF61E}.Release|Any CPU.Build.0 = Release|Any CPU
		{4E818CF3-DA74-4B09-B3AE-3292AD2F434C}.Debug|Any CPU.ActiveCfg = Debug|Any CPU
		{4E818CF3-DA74-4B09-B3AE-3292AD2F434C}.Debug|Any CPU.Build.0 = Debug|Any CPU
		{4E818CF3-DA74-4B09-B3AE-3292AD2F434C}.Release|Any CPU.ActiveCfg = Release|Any CPU
		{4E818CF3-DA74-4B09-B3AE-3292AD2F434C}.Release|Any CPU.Build.0 = Release|Any CPU
		{BDE7A049-D1E5-47BE-95AE-F3CED7C4C541}.Debug|Any CPU.ActiveCfg = Debug|Any CPU
		{BDE7A049-D1E5-47BE-95AE-F3CED7C4C541}.Debug|Any CPU.Build.0 = Debug|Any CPU
		{BDE7A049-D1E5-47BE-95AE-F3CED7C4C541}.Release|Any CPU.ActiveCfg = Release|Any CPU
		{BDE7A049-D1E5-47BE-95AE-F3CED7C4C541}.Release|Any CPU.Build.0 = Release|Any CPU
	EndGlobalSection
	GlobalSection(SolutionProperties) = preSolution
		HideSolutionNode = FALSE
	EndGlobalSection
	GlobalSection(ExtensibilityGlobals) = postSolution
		SolutionGuid = {2A9AA933-DA89-4C9B-A845-E869DDD3D564}
	EndGlobalSection
	GlobalSection(NestedProjects) = preSolution
		{5AEDB913-31B2-489A-9BBA-8B7F5E79814A} = {9ED29465-A227-42D5-9153-FC5C0C5C112E}
		{C5A8A349-81A7-480C-8B89-655F0CF7AB56} = {9ED29465-A227-42D5-9153-FC5C0C5C112E}
		{F185E52A-AE65-4D40-A394-57A26B308F17} = {9ED29465-A227-42D5-9153-FC5C0C5C112E}
		{BC20C0CE-8EFF-47F3-A882-3FD722142BD6} = {9ED29465-A227-42D5-9153-FC5C0C5C112E}
		{53125A71-62A5-40E9-BF23-C3D3FEF210AD} = {D2AA3778-5182-491C-8DCC-8791420C4B1B}
		{F7525E3C-25D8-4FF2-937A-ECD8313AF61E} = {D2AA3778-5182-491C-8DCC-8791420C4B1B}
		{4E818CF3-DA74-4B09-B3AE-3292AD2F434C} = {D2AA3778-5182-491C-8DCC-8791420C4B1B}
		{BDE7A049-D1E5-47BE-95AE-F3CED7C4C541} = {D2AA3778-5182-491C-8DCC-8791420C4B1B}
		{D2AA3778-5182-491C-8DCC-8791420C4B1B} = {FFD6B763-1C5B-4441-AFDF-04D9EF26421B}
		{9ED29465-A227-42D5-9153-FC5C0C5C112E} = {FFD6B763-1C5B-4441-AFDF-04D9EF26421B}
		{79928754-4D27-4612-A738-466498C8A736} = {FFD6B763-1C5B-4441-AFDF-04D9EF26421B}
	EndGlobalSection
EndGlobal
